
Microsoft Visual Studio Solution File, Format Version 12.00
# Visual Studio Version 17
VisualStudioVersion = 17.4.33213.308
MinimumVisualStudioVersion = 10.0.40219.1
Project("{FAE04EC0-301F-11D3-BF4B-00C04F79EFBC}") = "DesafioTeiaBackEnd", "DesafioTeiaBackEnd.csproj", "{AB55F7EF-9A85-4FEE-BF1D-FD184088FDD1}"
EndProject
Global
	GlobalSection(SolutionConfigurationPlatforms) = preSolution
		Debug|Any CPU = Debug|Any CPU
		Release|Any CPU = Release|Any CPU
	EndGlobalSection
	GlobalSection(ProjectConfigurationPlatforms) = postSolution
		{AB55F7EF-9A85-4FEE-BF1D-FD184088FDD1}.Debug|Any CPU.ActiveCfg = Debug|Any CPU
		{AB55F7EF-9A85-4FEE-BF1D-FD184088FDD1}.Debug|Any CPU.Build.0 = Debug|Any CPU
		{AB55F7EF-9A85-4FEE-BF1D-FD184088FDD1}.Release|Any CPU.ActiveCfg = Release|Any CPU
		{AB55F7EF-9A85-4FEE-BF1D-FD184088FDD1}.Release|Any CPU.Build.0 = Release|Any CPU
	EndGlobalSection
	GlobalSection(SolutionProperties) = preSolution
		HideSolutionNode = FALSE
	EndGlobalSection
	GlobalSection(ExtensibilityGlobals) = postSolution
		SolutionGuid = {0B0FD00A-E77F-4275-AB11-77A984E3C26C}
	EndGlobalSection
EndGlobal
